{
  "name": "assets",
  "lockfileVersion": 3,
  "requires": true,
  "packages": {
    "": {
      "dependencies": {
        "phaser": "^3.60.0",
        "webrtc-adapter": "^9.0.1"
      }
    },
    "node_modules/eventemitter3": {
      "version": "5.0.1",
      "resolved": "https://registry.npmjs.org/eventemitter3/-/eventemitter3-5.0.1.tgz",
      "integrity": "sha512-GWkBvjiSZK87ELrYOSESUYeVIc9mvLLf/nXalMOS5dYrgZq9o5OVkbZAVM06CVxYsCwH9BDZFPlQTlPA1j4ahA==",
      "license": "MIT"
    },
    "node_modules/phaser": {
      "version": "3.60.0",
      "resolved": "https://registry.npmjs.org/phaser/-/phaser-3.60.0.tgz",
      "integrity": "sha512-IKUy35EnoEVcl2EmJ8WOyK4X8OoxHYdlhZLgRGpNrvD1fEagYffhVmwHcapE/tGiLgyrnezmXIo5RrH2NcrTHw==",
      "license": "MIT",
      "dependencies": {
        "eventemitter3": "^5.0.0"
      }
    },
    "node_modules/sdp": {
      "version": "3.2.0",
      "resolved": "https://registry.npmjs.org/sdp/-/sdp-3.2.0.tgz",
      "integrity": "sha512-d7wDPgDV3DDiqulJjKiV2865wKsJ34YI+NDREbm+FySq6WuKOikwyNQcm+doLAZ1O6ltdO0SeKle2xMpN3Brgw==",
      "license": "MIT"
    },
    "node_modules/webrtc-adapter": {
      "version": "9.0.1",
      "resolved": "https://registry.npmjs.org/webrtc-adapter/-/webrtc-adapter-9.0.1.tgz",
      "integrity": "sha512-1AQO+d4ElfVSXyzNVTOewgGT/tAomwwztX/6e3totvyyzXPvXIIuUUjAmyZGbKBKbZOXauuJooZm3g6IuFuiNQ==",
      "license": "BSD-3-Clause",
      "dependencies": {
        "sdp": "^3.2.0"
      },
      "engines": {
        "node": ">=6.0.0",
        "npm": ">=3.10.0"
      }
    }
  }
}
